{
  "name": "page-cache",
  "version": "0.0.1",
  "lockfileVersion": 1,
  "requires": true,
  "dependencies": {
    "store2": {
      "version": "2.10.0",
      "resolved": "http://rnpm.hz.netease.com/store2/download/store2-2.10.0.tgz",
      "integrity": "sha1-RrgruRh42vGw1W3sLx1B5U1RA88="
    }
  }
}
